
Microsoft Visual Studio Solution File, Format Version 12.00
# Visual Studio Version 17
VisualStudioVersion = 17.7.34018.315
MinimumVisualStudioVersion = 10.0.40219.1
Project("{9A19103F-16F7-4668-BE54-9A1E7A4F7556}") = "PinsMexico", "PinsMexico.csproj", "{4490A5C3-578F-44B5-A475-66CC6530873F}"
EndProject
Project("{FAE04EC0-301F-11D3-BF4B-00C04F79EFBC}") = "PinsMexico.Tests", "..\PinsMexico.Tests\PinsMexico.Tests.csproj", "{D665ECE1-0814-4B09-973D-1CFC3BC239AB}"
EndProject
Global
	GlobalSection(SolutionConfigurationPlatforms) = preSolution
		Debug|Any CPU = Debug|Any CPU
		Release|Any CPU = Release|Any CPU
	EndGlobalSection
	GlobalSection(ProjectConfigurationPlatforms) = postSolution
		{4490A5C3-578F-44B5-A475-66CC6530873F}.Debug|Any CPU.ActiveCfg = Debug|Any CPU
		{4490A5C3-578F-44B5-A475-66CC6530873F}.Debug|Any CPU.Build.0 = Debug|Any CPU
		{4490A5C3-578F-44B5-A475-66CC6530873F}.Release|Any CPU.ActiveCfg = Release|Any CPU
		{4490A5C3-578F-44B5-A475-66CC6530873F}.Release|Any CPU.Build.0 = Release|Any CPU
		{D665ECE1-0814-4B09-973D-1CFC3BC239AB}.Debug|Any CPU.ActiveCfg = Debug|Any CPU
		{D665ECE1-0814-4B09-973D-1CFC3BC239AB}.Debug|Any CPU.Build.0 = Debug|Any CPU
		{D665ECE1-0814-4B09-973D-1CFC3BC239AB}.Release|Any CPU.ActiveCfg = Release|Any CPU
		{D665ECE1-0814-4B09-973D-1CFC3BC239AB}.Release|Any CPU.Build.0 = Release|Any CPU
	EndGlobalSection
	GlobalSection(SolutionProperties) = preSolution
		HideSolutionNode = FALSE
	EndGlobalSection
	GlobalSection(ExtensibilityGlobals) = postSolution
		SolutionGuid = {0ACDE77B-0EC0-45C9-8B41-DEE35A93F54A}
	EndGlobalSection
EndGlobal
